
Microsoft Visual Studio Solution File, Format Version 12.00
# Visual Studio Version 16
VisualStudioVersion = 16.0.31105.61
MinimumVisualStudioVersion = 10.0.40219.1
Project("{FAE04EC0-301F-11D3-BF4B-00C04F79EFBC}") = "Illustrate Hierarchial Inheritance", "Illustrate Hierarchial Inheritance.csproj", "{C5FE9EF1-E5A7-4D3D-96C0-7564478BB406}"
EndProject
Global
	GlobalSection(SolutionConfigurationPlatforms) = preSolution
		Debug|Any CPU = Debug|Any CPU
		Release|Any CPU = Release|Any CPU
	EndGlobalSection
	GlobalSection(ProjectConfigurationPlatforms) = postSolution
		{C5FE9EF1-E5A7-4D3D-96C0-7564478BB406}.Debug|Any CPU.ActiveCfg = Debug|Any CPU
		{C5FE9EF1-E5A7-4D3D-96C0-7564478BB406}.Debug|Any CPU.Build.0 = Debug|Any CPU
		{C5FE9EF1-E5A7-4D3D-96C0-7564478BB406}.Release|Any CPU.ActiveCfg = Release|Any CPU
		{C5FE9EF1-E5A7-4D3D-96C0-7564478BB406}.Release|Any CPU.Build.0 = Release|Any CPU
	EndGlobalSection
	GlobalSection(SolutionProperties) = preSolution
		HideSolutionNode = FALSE
	EndGlobalSection
	GlobalSection(ExtensibilityGlobals) = postSolution
		SolutionGuid = {038BF61B-5A02-40BE-871B-35A6B9FCF8F0}
	EndGlobalSection
EndGlobal
