
Microsoft Visual Studio Solution File, Format Version 12.00
# Visual Studio Version 16
VisualStudioVersion = 16.0.31105.61
MinimumVisualStudioVersion = 10.0.40219.1
Project("{FAE04EC0-301F-11D3-BF4B-00C04F79EFBC}") = "Prime Numbers between 1 to 100", "Prime Numbers between 1 to 100.csproj", "{58B80AC0-70CC-47DC-B9D4-32FC4A542302}"
EndProject
Global
	GlobalSection(SolutionConfigurationPlatforms) = preSolution
		Debug|Any CPU = Debug|Any CPU
		Release|Any CPU = Release|Any CPU
	EndGlobalSection
	GlobalSection(ProjectConfigurationPlatforms) = postSolution
		{58B80AC0-70CC-47DC-B9D4-32FC4A542302}.Debug|Any CPU.ActiveCfg = Debug|Any CPU
		{58B80AC0-70CC-47DC-B9D4-32FC4A542302}.Debug|Any CPU.Build.0 = Debug|Any CPU
		{58B80AC0-70CC-47DC-B9D4-32FC4A542302}.Release|Any CPU.ActiveCfg = Release|Any CPU
		{58B80AC0-70CC-47DC-B9D4-32FC4A542302}.Release|Any CPU.Build.0 = Release|Any CPU
	EndGlobalSection
	GlobalSection(SolutionProperties) = preSolution
		HideSolutionNode = FALSE
	EndGlobalSection
	GlobalSection(ExtensibilityGlobals) = postSolution
		SolutionGuid = {5FB10DA3-562C-4D13-BE2E-0C88ECF0AE15}
	EndGlobalSection
EndGlobal
