
Microsoft Visual Studio Solution File, Format Version 12.00
# Visual Studio Version 16
VisualStudioVersion = 16.0.31105.61
MinimumVisualStudioVersion = 10.0.40219.1
Project("{FAE04EC0-301F-11D3-BF4B-00C04F79EFBC}") = "Get Number and Display with its Reverse", "Get Number and Display with its Reverse.csproj", "{947BEAA3-6CD6-4FB6-AECD-8F234039806B}"
EndProject
Global
	GlobalSection(SolutionConfigurationPlatforms) = preSolution
		Debug|Any CPU = Debug|Any CPU
		Release|Any CPU = Release|Any CPU
	EndGlobalSection
	GlobalSection(ProjectConfigurationPlatforms) = postSolution
		{947BEAA3-6CD6-4FB6-AECD-8F234039806B}.Debug|Any CPU.ActiveCfg = Debug|Any CPU
		{947BEAA3-6CD6-4FB6-AECD-8F234039806B}.Debug|Any CPU.Build.0 = Debug|Any CPU
		{947BEAA3-6CD6-4FB6-AECD-8F234039806B}.Release|Any CPU.ActiveCfg = Release|Any CPU
		{947BEAA3-6CD6-4FB6-AECD-8F234039806B}.Release|Any CPU.Build.0 = Release|Any CPU
	EndGlobalSection
	GlobalSection(SolutionProperties) = preSolution
		HideSolutionNode = FALSE
	EndGlobalSection
	GlobalSection(ExtensibilityGlobals) = postSolution
		SolutionGuid = {28F10E35-86A6-4076-A8BF-8D81D07253A5}
	EndGlobalSection
EndGlobal
