
Microsoft Visual Studio Solution File, Format Version 12.00
# Visual Studio Version 16
VisualStudioVersion = 16.0.31105.61
MinimumVisualStudioVersion = 10.0.40219.1
Project("{FAE04EC0-301F-11D3-BF4B-00C04F79EFBC}") = "Make Nullable Types", "Make Nullable Types.csproj", "{904821F8-8A44-4F1A-ABC9-6F45C50D25DA}"
EndProject
Global
	GlobalSection(SolutionConfigurationPlatforms) = preSolution
		Debug|Any CPU = Debug|Any CPU
		Release|Any CPU = Release|Any CPU
	EndGlobalSection
	GlobalSection(ProjectConfigurationPlatforms) = postSolution
		{904821F8-8A44-4F1A-ABC9-6F45C50D25DA}.Debug|Any CPU.ActiveCfg = Debug|Any CPU
		{904821F8-8A44-4F1A-ABC9-6F45C50D25DA}.Debug|Any CPU.Build.0 = Debug|Any CPU
		{904821F8-8A44-4F1A-ABC9-6F45C50D25DA}.Release|Any CPU.ActiveCfg = Release|Any CPU
		{904821F8-8A44-4F1A-ABC9-6F45C50D25DA}.Release|Any CPU.Build.0 = Release|Any CPU
	EndGlobalSection
	GlobalSection(SolutionProperties) = preSolution
		HideSolutionNode = FALSE
	EndGlobalSection
	GlobalSection(ExtensibilityGlobals) = postSolution
		SolutionGuid = {834EBDFD-8B24-4DF5-BEEE-FC6B846FE105}
	EndGlobalSection
EndGlobal
