
Microsoft Visual Studio Solution File, Format Version 12.00
# Visual Studio Version 16
VisualStudioVersion = 16.0.31105.61
MinimumVisualStudioVersion = 10.0.40219.1
Project("{FAE04EC0-301F-11D3-BF4B-00C04F79EFBC}") = "Leap Year or Not", "Leap Year or Not.csproj", "{AA17C9B6-9B8C-4422-85DD-AF08F7E4417E}"
EndProject
Global
	GlobalSection(SolutionConfigurationPlatforms) = preSolution
		Debug|Any CPU = Debug|Any CPU
		Release|Any CPU = Release|Any CPU
	EndGlobalSection
	GlobalSection(ProjectConfigurationPlatforms) = postSolution
		{AA17C9B6-9B8C-4422-85DD-AF08F7E4417E}.Debug|Any CPU.ActiveCfg = Debug|Any CPU
		{AA17C9B6-9B8C-4422-85DD-AF08F7E4417E}.Debug|Any CPU.Build.0 = Debug|Any CPU
		{AA17C9B6-9B8C-4422-85DD-AF08F7E4417E}.Release|Any CPU.ActiveCfg = Release|Any CPU
		{AA17C9B6-9B8C-4422-85DD-AF08F7E4417E}.Release|Any CPU.Build.0 = Release|Any CPU
	EndGlobalSection
	GlobalSection(SolutionProperties) = preSolution
		HideSolutionNode = FALSE
	EndGlobalSection
	GlobalSection(ExtensibilityGlobals) = postSolution
		SolutionGuid = {9769182C-2CEB-4652-9EFD-876B05BFA105}
	EndGlobalSection
EndGlobal
